
Microsoft Visual Studio Solution File, Format Version 12.00
# Visual Studio Version 16
VisualStudioVersion = 16.0.31105.61
MinimumVisualStudioVersion = 10.0.40219.1
Project("{FAE04EC0-301F-11D3-BF4B-00C04F79EFBC}") = "interfaceBD", "interfaceBD.csproj", "{F3A66222-B1F4-4B56-92F2-52F7E6913CF7}"
EndProject
Global
	GlobalSection(SolutionConfigurationPlatforms) = preSolution
		Debug|Any CPU = Debug|Any CPU
		Release|Any CPU = Release|Any CPU
	EndGlobalSection
	GlobalSection(ProjectConfigurationPlatforms) = postSolution
		{F3A66222-B1F4-4B56-92F2-52F7E6913CF7}.Debug|Any CPU.ActiveCfg = Debug|Any CPU
		{F3A66222-B1F4-4B56-92F2-52F7E6913CF7}.Debug|Any CPU.Build.0 = Debug|Any CPU
		{F3A66222-B1F4-4B56-92F2-52F7E6913CF7}.Release|Any CPU.ActiveCfg = Release|Any CPU
		{F3A66222-B1F4-4B56-92F2-52F7E6913CF7}.Release|Any CPU.Build.0 = Release|Any CPU
	EndGlobalSection
	GlobalSection(SolutionProperties) = preSolution
		HideSolutionNode = FALSE
	EndGlobalSection
	GlobalSection(ExtensibilityGlobals) = postSolution
		SolutionGuid = {62417CE9-E356-44F9-A7B4-1B72D0CA4FF7}
	EndGlobalSection
EndGlobal
