
Microsoft Visual Studio Solution File, Format Version 12.00
# Visual Studio Version 16
VisualStudioVersion = 16.0.31112.23
MinimumVisualStudioVersion = 10.0.40219.1
Project("{F184B08F-C81C-45F6-A57F-5ABD9991F28F}") = "WindowsForm1", "WindowsForm1\WindowsForm1.vbproj", "{270E7626-92F2-4050-8D32-45A938616DD6}"
EndProject
Global
	GlobalSection(SolutionConfigurationPlatforms) = preSolution
		Debug|Any CPU = Debug|Any CPU
		Release|Any CPU = Release|Any CPU
	EndGlobalSection
	GlobalSection(ProjectConfigurationPlatforms) = postSolution
		{270E7626-92F2-4050-8D32-45A938616DD6}.Debug|Any CPU.ActiveCfg = Debug|Any CPU
		{270E7626-92F2-4050-8D32-45A938616DD6}.Debug|Any CPU.Build.0 = Debug|Any CPU
		{270E7626-92F2-4050-8D32-45A938616DD6}.Release|Any CPU.ActiveCfg = Release|Any CPU
		{270E7626-92F2-4050-8D32-45A938616DD6}.Release|Any CPU.Build.0 = Release|Any CPU
	EndGlobalSection
	GlobalSection(SolutionProperties) = preSolution
		HideSolutionNode = FALSE
	EndGlobalSection
	GlobalSection(ExtensibilityGlobals) = postSolution
		SolutionGuid = {D60D0EFE-3BCD-4419-A37C-128BADD4EEEE}
	EndGlobalSection
EndGlobal
